
Microsoft Visual Studio Solution File, Format Version 12.00
# Visual Studio Version 16
VisualStudioVersion = 16.0.31112.23
MinimumVisualStudioVersion = 10.0.40219.1
Project("{FAE04EC0-301F-11D3-BF4B-00C04F79EFBC}") = "LookingGlass", "LookingGlass\LookingGlass.csproj", "{7AC198D9-1C06-43D9-B0E2-C1890C151ECB}"
EndProject
Global
	GlobalSection(SolutionConfigurationPlatforms) = preSolution
		Debug|Any CPU = Debug|Any CPU
		Release|Any CPU = Release|Any CPU
	EndGlobalSection
	GlobalSection(ProjectConfigurationPlatforms) = postSolution
		{7AC198D9-1C06-43D9-B0E2-C1890C151ECB}.Debug|Any CPU.ActiveCfg = Debug|Any CPU
		{7AC198D9-1C06-43D9-B0E2-C1890C151ECB}.Debug|Any CPU.Build.0 = Debug|Any CPU
		{7AC198D9-1C06-43D9-B0E2-C1890C151ECB}.Release|Any CPU.ActiveCfg = Release|Any CPU
		{7AC198D9-1C06-43D9-B0E2-C1890C151ECB}.Release|Any CPU.Build.0 = Release|Any CPU
	EndGlobalSection
	GlobalSection(SolutionProperties) = preSolution
		HideSolutionNode = FALSE
	EndGlobalSection
	GlobalSection(ExtensibilityGlobals) = postSolution
		SolutionGuid = {689EAAD6-CB65-4E97-810C-C1058EE9593C}
	EndGlobalSection
EndGlobal
